<Solution>
  <Configurations>
    <Platform Name="Any CPU" />
    <Platform Name="x64" />
  </Configurations>
  <Project Path="Project.Core/Project.Core.csproj">
    <Platform Solution="*|x64" Project="x64" />
    <Platform Solution="Debug|Any CPU" Project="x64" />
  </Project>
  <Project Path="Project.Models/Project.Models.csproj">
    <Platform Solution="*|x64" Project="x64" />
    <Platform Solution="Debug|Any CPU" Project="x64" />
  </Project>
  <Project Path="Project.Infrastructure/Project.Infrastructure.csproj">
    <Platform Solution="*|x64" Project="x64" />
    <Platform Solution="Debug|Any CPU" Project="x64" />
  </Project>
  <Project Path="Project.UI/Project.UI.csproj">
    <Platform Solution="*|x64" Project="x64" />
    <Platform Solution="Debug|Any CPU" Project="x64" />
  </Project>
  <Project Path="Project.ViewModels/Project.ViewModels.csproj">
    <Platform Solution="*|x64" Project="x64" />
    <Platform Solution="Debug|Any CPU" Project="x64" />
  </Project>
</Solution>
